// !$*UTF8*$!
{
	archiveVersion = 1;
	classes = {
	};
	objectVersion = 46;
	objects = {

/* Begin PBXBuildFile section */
		5E1190721E5C40E60023AD27 /* main.m in Sources */ = {isa = PBXBuildFile; fileRef = 5E1190711E5C40E60023AD27 /* main.m */; };
		5E1190751E5C40E60023AD27 /* AppDelegate.m in Sources */ = {isa = PBXBuildFile; fileRef = 5E1190741E5C40E60023AD27 /* AppDelegate.m */; };
		5E1190781E5C40E60023AD27 /* ViewController.m in Sources */ = {isa = PBXBuildFile; fileRef = 5E1190771E5C40E60023AD27 /* ViewController.m */; };
		5E11907B1E5C40E60023AD27 /* Main.storyboard in Resources */ = {isa = PBXBuildFile; fileRef = 5E1190791E5C40E60023AD27 /* Main.storyboard */; };
		5E11907D1E5C40E60023AD27 /* Assets.xcassets in Resources */ = {isa = PBXBuildFile; fileRef = 5E11907C1E5C40E60023AD27 /* Assets.xcassets */; };
		5E1190801E5C40E60023AD27 /* LaunchScreen.storyboard in Resources */ = {isa = PBXBuildFile; fileRef = 5E11907E1E5C40E60023AD27 /* LaunchScreen.storyboard */; };
		5E11908B1E5C40E60023AD27 /* WXSDownloadManagerTests.m in Sources */ = {isa = PBXBuildFile; fileRef = 5E11908A1E5C40E60023AD27 /* WXSDownloadManagerTests.m */; };
		5E1190961E5C40E60023AD27 /* WXSDownloadManagerUITests.m in Sources */ = {isa = PBXBuildFile; fileRef = 5E1190951E5C40E60023AD27 /* WXSDownloadManagerUITests.m */; };
		5E1190A51E5C558C0023AD27 /* WXSDownloadManager.m in Sources */ = {isa = PBXBuildFile; fileRef = 5E1190A41E5C558C0023AD27 /* WXSDownloadManager.m */; };
/* End PBXBuildFile section */

/* Begin PBXContainerItemProxy section */
		5E1190871E5C40E60023AD27 /* PBXContainerItemProxy */ = {
			isa = PBXContainerItemProxy;
			containerPortal = 5E1190651E5C40E60023AD27 /* Project object */;
			proxyType = 1;
			remoteGlobalIDString = 5E11906C1E5C40E60023AD27;
			remoteInfo = WXSDownloadManager;
		};
		5E1190921E5C40E60023AD27 /* PBXContainerItemProxy */ = {
			isa = PBXContainerItemProxy;
			containerPortal = 5E1190651E5C40E60023AD27 /* Project object */;
			proxyType = 1;
			remoteGlobalIDString = 5E11906C1E5C40E60023AD27;
			remoteInfo = WXSDownloadManager;
		};
/* End PBXContainerItemProxy section */

/* Begin PBXFileReference section */
		5E11906D1E5C40E60023AD27 /* WXSDownloadManager.app */ = {isa = PBXFileReference; explicitFileType = wrapper.application; includeInIndex = 0; path = WXSDownloadManager.app; sourceTree = BUILT_PRODUCTS_DIR; };
		5E1190711E5C40E60023AD27 /* main.m */ = {isa = PBXFileReference; lastKnownFileType = sourcecode.c.objc; path = main.m; sourceTree = "<group>"; };
		5E1190731E5C40E60023AD27 /* AppDelegate.h */ = {isa = PBXFileReference; lastKnownFileType = sourcecode.c.h; path = AppDelegate.h; sourceTree = "<group>"; };
		5E1190741E5C40E60023AD27 /* AppDelegate.m */ = {isa = PBXFileReference; lastKnownFileType = sourcecode.c.objc; path = AppDelegate.m; sourceTree = "<group>"; };
		5E1190761E5C40E60023AD27 /* ViewController.h */ = {isa = PBXFileReference; lastKnownFileType = sourcecode.c.h; path = ViewController.h; sourceTree = "<group>"; };
		5E1190771E5C40E60023AD27 /* ViewController.m */ = {isa = PBXFileReference; lastKnownFileType = sourcecode.c.objc; path = ViewController.m; sourceTree = "<group>"; };
		5E11907A1E5C40E60023AD27 /* Base */ = {isa = PBXFileReference; lastKnownFileType = file.storyboard; name = Base; path = Base.lproj/Main.storyboard; sourceTree = "<group>"; };
		5E11907C1E5C40E60023AD27 /* Assets.xcassets */ = {isa = PBXFileReference; lastKnownFileType = folder.assetcatalog; path = Assets.xcassets; sourceTree = "<group>"; };
		5E11907F1E5C40E60023AD27 /* Base */ = {isa = PBXFileReference; lastKnownFileType = file.storyboard; name = Base; path = Base.lproj/LaunchScreen.storyboard; sourceTree = "<group>"; };
		5E1190811E5C40E60023AD27 /* Info.plist */ = {isa = PBXFileReference; lastKnownFileType = text.plist.xml; path = Info.plist; sourceTree = "<group>"; };
		5E1190861E5C40E60023AD27 /* WXSDownloadManagerTests.xctest */ = {isa = PBXFileReference; explicitFileType = wrapper.cfbundle; includeInIndex = 0; path = WXSDownloadManagerTests.xctest; sourceTree = BUILT_PRODUCTS_DIR; };
		5E11908A1E5C40E60023AD27 /* WXSDownloadManagerTests.m */ = {isa = PBXFileReference; lastKnownFileType = sourcecode.c.objc; path = WXSDownloadManagerTests.m; sourceTree = "<group>"; };
		5E11908C1E5C40E60023AD27 /* Info.plist */ = {isa = PBXFileReference; lastKnownFileType = text.plist.xml; path = Info.plist; sourceTree = "<group>"; };
		5E1190911E5C40E60023AD27 /* WXSDownloadManagerUITests.xctest */ = {isa = PBXFileReference; explicitFileType = wrapper.cfbundle; includeInIndex = 0; path = WXSDownloadManagerUITests.xctest; sourceTree = BUILT_PRODUCTS_DIR; };
		5E1190951E5C40E60023AD27 /* WXSDownloadManagerUITests.m */ = {isa = PBXFileReference; lastKnownFileType = sourcecode.c.objc; path = WXSDownloadManagerUITests.m; sourceTree = "<group>"; };
		5E1190971E5C40E60023AD27 /* Info.plist */ = {isa = PBXFileReference; lastKnownFileType = text.plist.xml; path = Info.plist; sourceTree = "<group>"; };
		5E1190A31E5C558C0023AD27 /* WXSDownloadManager.h */ = {isa = PBXFileReference; fileEncoding = 4; lastKnownFileType = sourcecode.c.h; path = WXSDownloadManager.h; sourceTree = "<group>"; };
		5E1190A41E5C558C0023AD27 /* WXSDownloadManager.m */ = {isa = PBXFileReference; fileEncoding = 4; lastKnownFileType = sourcecode.c.objc; path = WXSDownloadManager.m; sourceTree = "<group>"; };
/* End PBXFileReference section */

/* Begin PBXFrameworksBuildPhase section */
		5E11906A1E5C40E60023AD27 /* Frameworks */ = {
			isa = PBXFrameworksBuildPhase;
			buildActionMask = 2147483647;
			files = (
			);
			runOnlyForDeploymentPostprocessing = 0;
		};
		5E1190831E5C40E60023AD27 /* Frameworks */ = {
			isa = PBXFrameworksBuildPhase;
			buildActionMask = 2147483647;
			files = (
			);
			runOnlyForDeploymentPostprocessing = 0;
		};
		5E11908E1E5C40E60023AD27 /* Frameworks */ = {
			isa = PBXFrameworksBuildPhase;
			buildActionMask = 2147483647;
			files = (
			);
			runOnlyForDeploymentPostprocessing = 0;
		};
/* End PBXFrameworksBuildPhase section */

/* Begin PBXGroup section */
		5E1190641E5C40E60023AD27 = {
			isa = PBXGroup;
			children = (
				5E11906F1E5C40E60023AD27 /* WXSDownloadManager */,
				5E1190891E5C40E60023AD27 /* WXSDownloadManagerTests */,
				5E1190941E5C40E60023AD27 /* WXSDownloadManagerUITests */,
				5E11906E1E5C40E60023AD27 /* Products */,
			);
			sourceTree = "<group>";
		};
		5E11906E1E5C40E60023AD27 /* Products */ = {
			isa = PBXGroup;
			children = (
				5E11906D1E5C40E60023AD27 /* WXSDownloadManager.app */,
				5E1190861E5C40E60023AD27 /* WXSDownloadManagerTests.xctest */,
				5E1190911E5C40E60023AD27 /* WXSDownloadManagerUITests.xctest */,
			);
			name = Products;
			sourceTree = "<group>";
		};
		5E11906F1E5C40E60023AD27 /* WXSDownloadManager */ = {
			isa = PBXGroup;
			children = (
				5E1190731E5C40E60023AD27 /* AppDelegate.h */,
				5E1190741E5C40E60023AD27 /* AppDelegate.m */,
				5E1190761E5C40E60023AD27 /* ViewController.h */,
				5E1190771E5C40E60023AD27 /* ViewController.m */,
				5E1190A31E5C558C0023AD27 /* WXSDownloadManager.h */,
				5E1190A41E5C558C0023AD27 /* WXSDownloadManager.m */,
				5E1190791E5C40E60023AD27 /* Main.storyboard */,
				5E11907C1E5C40E60023AD27 /* Assets.xcassets */,
				5E11907E1E5C40E60023AD27 /* LaunchScreen.storyboard */,
				5E1190811E5C40E60023AD27 /* Info.plist */,
				5E1190701E5C40E60023AD27 /* Supporting Files */,
			);
			path = WXSDownloadManager;
			sourceTree = "<group>";
		};
		5E1190701E5C40E60023AD27 /* Supporting Files */ = {
			isa = PBXGroup;
			children = (
				5E1190711E5C40E60023AD27 /* main.m */,
			);
			name = "Supporting Files";
			sourceTree = "<group>";
		};
		5E1190891E5C40E60023AD27 /* WXSDownloadManagerTests */ = {
			isa = PBXGroup;
			children = (
				5E11908A1E5C40E60023AD27 /* WXSDownloadManagerTests.m */,
				5E11908C1E5C40E60023AD27 /* Info.plist */,
			);
			path = WXSDownloadManagerTests;
			sourceTree = "<group>";
		};
		5E1190941E5C40E60023AD27 /* WXSDownloadManagerUITests */ = {
			isa = PBXGroup;
			children = (
				5E1190951E5C40E60023AD27 /* WXSDownloadManagerUITests.m */,
				5E1190971E5C40E60023AD27 /* Info.plist */,
			);
			path = WXSDownloadManagerUITests;
			sourceTree = "<group>";
		};
/* End PBXGroup section */

/* Begin PBXNativeTarget section */
		5E11906C1E5C40E60023AD27 /* WXSDownloadManager */ = {
			isa = PBXNativeTarget;
			buildConfigurationList = 5E11909A1E5C40E60023AD27 /* Build configuration list for PBXNativeTarget "WXSDownloadManager" */;
			buildPhases = (
				5E1190691E5C40E60023AD27 /* Sources */,
				5E11906A1E5C40E60023AD27 /* Frameworks */,
				5E11906B1E5C40E60023AD27 /* Resources */,
			);
			buildRules = (
			);
			dependencies = (
			);
			name = WXSDownloadManager;
			productName = WXSDownloadManager;
			productReference = 5E11906D1E5C40E60023AD27 /* WXSDownloadManager.app */;
			productType = "com.apple.product-type.application";
		};
		5E1190851E5C40E60023AD27 /* WXSDownloadManagerTests */ = {
			isa = PBXNativeTarget;
			buildConfigurationList = 5E11909D1E5C40E60023AD27 /* Build configuration list for PBXNativeTarget "WXSDownloadManagerTests" */;
			buildPhases = (
				5E1190821E5C40E60023AD27 /* Sources */,
				5E1190831E5C40E60023AD27 /* Frameworks */,
				5E1190841E5C40E60023AD27 /* Resources */,
			);
			buildRules = (
			);
			dependencies = (
				5E1190881E5C40E60023AD27 /* PBXTargetDependency */,
			);
			name = WXSDownloadManagerTests;
			productName = WXSDownloadManagerTests;
			productReference = 5E1190861E5C40E60023AD27 /* WXSDownloadManagerTests.xctest */;
			productType = "com.apple.product-type.bundle.unit-test";
		};
		5E1190901E5C40E60023AD27 /* WXSDownloadManagerUITests */ = {
			isa = PBXNativeTarget;
			buildConfigurationList = 5E1190A01E5C40E60023AD27 /* Build configuration list for PBXNativeTarget "WXSDownloadManagerUITests" */;
			buildPhases = (
				5E11908D1E5C40E60023AD27 /* Sources */,
				5E11908E1E5C40E60023AD27 /* Frameworks */,
				5E11908F1E5C40E60023AD27 /* Resources */,
			);
			buildRules = (
			);
			dependencies = (
				5E1190931E5C40E60023AD27 /* PBXTargetDependency */,
			);
			name = WXSDownloadManagerUITests;
			productName = WXSDownloadManagerUITests;
			productReference = 5E1190911E5C40E60023AD27 /* WXSDownloadManagerUITests.xctest */;
			productType = "com.apple.product-type.bundle.ui-testing";
		};
/* End PBXNativeTarget section */

/* Begin PBXProject section */
		5E1190651E5C40E60023AD27 /* Project object */ = {
			isa = PBXProject;
			attributes = {
				LastUpgradeCheck = 0810;
				ORGANIZATIONNAME = AlanWang;
				TargetAttributes = {
					5E11906C1E5C40E60023AD27 = {
						CreatedOnToolsVersion = 8.1;
						DevelopmentTeam = DHE6GUA4LT;
						ProvisioningStyle = Automatic;
					};
					5E1190851E5C40E60023AD27 = {
						CreatedOnToolsVersion = 8.1;
						DevelopmentTeam = DHE6GUA4LT;
						ProvisioningStyle = Automatic;
						TestTargetID = 5E11906C1E5C40E60023AD27;
					};
					5E1190901E5C40E60023AD27 = {
						CreatedOnToolsVersion = 8.1;
						DevelopmentTeam = DHE6GUA4LT;
						ProvisioningStyle = Automatic;
						TestTargetID = 5E11906C1E5C40E60023AD27;
					};
				};
			};
			buildConfigurationList = 5E1190681E5C40E60023AD27 /* Build configuration list for PBXProject "WXSDownloadManager" */;
			compatibilityVersion = "Xcode 3.2";
			developmentRegion = English;
			hasScannedForEncodings = 0;
			knownRegions = (
				en,
				Base,
			);
			mainGroup = 5E1190641E5C40E60023AD27;
			productRefGroup = 5E11906E1E5C40E60023AD27 /* Products */;
			projectDirPath = "";
			projectRoot = "";
			targets = (
				5E11906C1E5C40E60023AD27 /* WXSDownloadManager */,
				5E1190851E5C40E60023AD27 /* WXSDownloadManagerTests */,
				5E1190901E5C40E60023AD27 /* WXSDownloadManagerUITests */,
			);
		};
/* End PBXProject section */

/* Begin PBXResourcesBuildPhase section */
		5E11906B1E5C40E60023AD27 /* Resources */ = {
			isa = PBXResourcesBuildPhase;
			buildActionMask = 2147483647;
			files = (
				5E1190801E5C40E60023AD27 /* LaunchScreen.storyboard in Resources */,
				5E11907D1E5C40E60023AD27 /* Assets.xcassets in Resources */,
				5E11907B1E5C40E60023AD27 /* Main.storyboard in Resources */,
			);
			runOnlyForDeploymentPostprocessing = 0;
		};
		5E1190841E5C40E60023AD27 /* Resources */ = {
			isa = PBXResourcesBuildPhase;
			buildActionMask = 2147483647;
			files = (
			);
			runOnlyForDeploymentPostprocessing = 0;
		};
		5E11908F1E5C40E60023AD27 /* Resources */ = {
			isa = PBXResourcesBuildPhase;
			buildActionMask = 2147483647;
			files = (
			);
			runOnlyForDeploymentPostprocessing = 0;
		};
/* End PBXResourcesBuildPhase section */

/* Begin PBXSourcesBuildPhase section */
		5E1190691E5C40E60023AD27 /* Sources */ = {
			isa = PBXSourcesBuildPhase;
			buildActionMask = 2147483647;
			files = (
				5E1190A51E5C558C0023AD27 /* WXSDownloadManager.m in Sources */,
				5E1190781E5C40E60023AD27 /* ViewController.m in Sources */,
				5E1190751E5C40E60023AD27 /* AppDelegate.m in Sources */,
				5E1190721E5C40E60023AD27 /* main.m in Sources */,
			);
			runOnlyForDeploymentPostprocessing = 0;
		};
		5E1190821E5C40E60023AD27 /* Sources */ = {
			isa = PBXSourcesBuildPhase;
			buildActionMask = 2147483647;
			files = (
				5E11908B1E5C40E60023AD27 /* WXSDownloadManagerTests.m in Sources */,
			);
			runOnlyForDeploymentPostprocessing = 0;
		};
		5E11908D1E5C40E60023AD27 /* Sources */ = {
			isa = PBXSourcesBuildPhase;
			buildActionMask = 2147483647;
			files = (
				5E1190961E5C40E60023AD27 /* WXSDownloadManagerUITests.m in Sources */,
			);
			runOnlyForDeploymentPostprocessing = 0;
		};
/* End PBXSourcesBuildPhase section */

/* Begin PBXTargetDependency section */
		5E1190881E5C40E60023AD27 /* PBXTargetDependency */ = {
			isa = PBXTargetDependency;
			target = 5E11906C1E5C40E60023AD27 /* WXSDownloadManager */;
			targetProxy = 5E1190871E5C40E60023AD27 /* PBXContainerItemProxy */;
		};
		5E1190931E5C40E60023AD27 /* PBXTargetDependency */ = {
			isa = PBXTargetDependency;
			target = 5E11906C1E5C40E60023AD27 /* WXSDownloadManager */;
			targetProxy = 5E1190921E5C40E60023AD27 /* PBXContainerItemProxy */;
		};
/* End PBXTargetDependency section */

/* Begin PBXVariantGroup section */
		5E1190791E5C40E60023AD27 /* Main.storyboard */ = {
			isa = PBXVariantGroup;
			children = (
				5E11907A1E5C40E60023AD27 /* Base */,
			);
			name = Main.storyboard;
			sourceTree = "<group>";
		};
		5E11907E1E5C40E60023AD27 /* LaunchScreen.storyboard */ = {
			isa = PBXVariantGroup;
			children = (
				5E11907F1E5C40E60023AD27 /* Base */,
			);
			name = LaunchScreen.storyboard;
			sourceTree = "<group>";
		};
/* End PBXVariantGroup section */

/* Begin XCBuildConfiguration section */
		5E1190981E5C40E60023AD27 /* Debug */ = {
			isa = XCBuildConfiguration;
			buildSettings = {
				ALWAYS_SEARCH_USER_PATHS = NO;
				CLANG_ANALYZER_NONNULL = YES;
				CLANG_CXX_LANGUAGE_STANDARD = "gnu++0x";
				CLANG_CXX_LIBRARY = "libc++";
				CLANG_ENABLE_MODULES = YES;
				CLANG_ENABLE_OBJC_ARC = YES;
				CLANG_WARN_BOOL_CONVERSION = YES;
				CLANG_WARN_CONSTANT_CONVERSION = YES;
				CLANG_WARN_DIRECT_OBJC_ISA_USAGE = YES_ERROR;
				CLANG_WARN_DOCUMENTATION_COMMENTS = YES;
				CLANG_WARN_EMPTY_BODY = YES;
				CLANG_WARN_ENUM_CONVERSION = YES;
				CLANG_WARN_INFINITE_RECURSION = YES;
				CLANG_WARN_INT_CONVERSION = YES;
				CLANG_WARN_OBJC_ROOT_CLASS = YES_ERROR;
				CLANG_WARN_SUSPICIOUS_MOVES = YES;
				CLANG_WARN_UNREACHABLE_CODE = YES;
				CLANG_WARN__DUPLICATE_METHOD_MATCH = YES;
				"CODE_SIGN_IDENTITY[sdk=iphoneos*]" = "iPhone Developer";
				COPY_PHASE_STRIP = NO;
				DEBUG_INFORMATION_FORMAT = dwarf;
				ENABLE_STRICT_OBJC_MSGSEND = YES;
				ENABLE_TESTABILITY = YES;
				GCC_C_LANGUAGE_STANDARD = gnu99;
				GCC_DYNAMIC_NO_PIC = NO;
				GCC_NO_COMMON_BLOCKS = YES;
				GCC_OPTIMIZATION_LEVEL = 0;
				GCC_PREPROCESSOR_DEFINITIONS = (
					"DEBUG=1",
					"$(inherited)",
				);
				GCC_WARN_64_TO_32_BIT_CONVERSION = YES;
				GCC_WARN_ABOUT_RETURN_TYPE = YES_ERROR;
				GCC_WARN_UNDECLARED_SELECTOR = YES;
				GCC_WARN_UNINITIALIZED_AUTOS = YES_AGGRESSIVE;
				GCC_WARN_UNUSED_FUNCTION = YES;
				GCC_WARN_UNUSED_VARIABLE = YES;
				IPHONEOS_DEPLOYMENT_TARGET = 10.1;
				MTL_ENABLE_DEBUG_INFO = YES;
				ONLY_ACTIVE_ARCH = YES;
				SDKROOT = iphoneos;
			};
			name = Debug;
		};
		5E1190991E5C40E60023AD27 /* Release */ = {
			isa = XCBuildConfiguration;
			buildSettings = {
				ALWAYS_SEARCH_USER_PATHS = NO;
				CLANG_ANALYZER_NONNULL = YES;
				CLANG_CXX_LANGUAGE_STANDARD = "gnu++0x";
				CLANG_CXX_LIBRARY = "libc++";
				CLANG_ENABLE_MODULES = YES;
				CLANG_ENABLE_OBJC_ARC = YES;
				CLANG_WARN_BOOL_CONVERSION = YES;
				CLANG_WARN_CONSTANT_CONVERSION = YES;
				CLANG_WARN_DIRECT_OBJC_ISA_USAGE = YES_ERROR;
				CLANG_WARN_DOCUMENTATION_COMMENTS = YES;
				CLANG_WARN_EMPTY_BODY = YES;
				CLANG_WARN_ENUM_CONVERSION = YES;
				CLANG_WARN_INFINITE_RECURSION = YES;
				CLANG_WARN_INT_CONVERSION = YES;
				CLANG_WARN_OBJC_ROOT_CLASS = YES_ERROR;
				CLANG_WARN_SUSPICIOUS_MOVES = YES;
				CLANG_WARN_UNREACHABLE_CODE = YES;
				CLANG_WARN__DUPLICATE_METHOD_MATCH = YES;
				"CODE_SIGN_IDENTITY[sdk=iphoneos*]" = "iPhone Developer";
				COPY_PHASE_STRIP = NO;
				DEBUG_INFORMATION_FORMAT = "dwarf-with-dsym";
				ENABLE_NS_ASSERTIONS = NO;
				ENABLE_STRICT_OBJC_MSGSEND = YES;
				GCC_C_LANGUAGE_STANDARD = gnu99;
				GCC_NO_COMMON_BLOCKS = YES;
				GCC_WARN_64_TO_32_BIT_CONVERSION = YES;
				GCC_WARN_ABOUT_RETURN_TYPE = YES_ERROR;
				GCC_WARN_UNDECLARED_SELECTOR = YES;
				GCC_WARN_UNINITIALIZED_AUTOS = YES_AGGRESSIVE;
				GCC_WARN_UNUSED_FUNCTION = YES;
				GCC_WARN_UNUSED_VARIABLE = YES;
				IPHONEOS_DEPLOYMENT_TARGET = 10.1;
				MTL_ENABLE_DEBUG_INFO = NO;
				SDKROOT = iphoneos;
				VALIDATE_PRODUCT = YES;
			};
			name = Release;
		};
		5E11909B1E5C40E60023AD27 /* Debug */ = {
			isa = XCBuildConfiguration;
			buildSettings = {
				ASSETCATALOG_COMPILER_APPICON_NAME = AppIcon;
				DEVELOPMENT_TEAM = DHE6GUA4LT;
				INFOPLIST_FILE = WXSDownloadManager/Info.plist;
				LD_RUNPATH_SEARCH_PATHS = "$(inherited) @executable_path/Frameworks";
				PRODUCT_BUNDLE_IDENTIFIER = AlanWang.WXSDownloadManager;
				PRODUCT_NAME = "$(TARGET_NAME)";
			};
			name = Debug;
		};
		5E11909C1E5C40E60023AD27 /* Release */ = {
			isa = XCBuildConfiguration;
			buildSettings = {
				ASSETCATALOG_COMPILER_APPICON_NAME = AppIcon;
				DEVELOPMENT_TEAM = DHE6GUA4LT;
				INFOPLIST_FILE = WXSDownloadManager/Info.plist;
				LD_RUNPATH_SEARCH_PATHS = "$(inherited) @executable_path/Frameworks";
				PRODUCT_BUNDLE_IDENTIFIER = AlanWang.WXSDownloadManager;
				PRODUCT_NAME = "$(TARGET_NAME)";
			};
			name = Release;
		};
		5E11909E1E5C40E60023AD27 /* Debug */ = {
			isa = XCBuildConfiguration;
			buildSettings = {
				BUNDLE_LOADER = "$(TEST_HOST)";
				DEVELOPMENT_TEAM = DHE6GUA4LT;
				INFOPLIST_FILE = WXSDownloadManagerTests/Info.plist;
				LD_RUNPATH_SEARCH_PATHS = "$(inherited) @executable_path/Frameworks @loader_path/Frameworks";
				PRODUCT_BUNDLE_IDENTIFIER = AlanWang.WXSDownloadManagerTests;
				PRODUCT_NAME = "$(TARGET_NAME)";
				TEST_HOST = "$(BUILT_PRODUCTS_DIR)/WXSDownloadManager.app/WXSDownloadManager";
			};
			name = Debug;
		};
		5E11909F1E5C40E60023AD27 /* Release */ = {
			isa = XCBuildConfiguration;
			buildSettings = {
				BUNDLE_LOADER = "$(TEST_HOST)";
				DEVELOPMENT_TEAM = DHE6GUA4LT;
				INFOPLIST_FILE = WXSDownloadManagerTests/Info.plist;
				LD_RUNPATH_SEARCH_PATHS = "$(inherited) @executable_path/Frameworks @loader_path/Frameworks";
				PRODUCT_BUNDLE_IDENTIFIER = AlanWang.WXSDownloadManagerTests;
				PRODUCT_NAME = "$(TARGET_NAME)";
				TEST_HOST = "$(BUILT_PRODUCTS_DIR)/WXSDownloadManager.app/WXSDownloadManager";
			};
			name = Release;
		};
		5E1190A11E5C40E60023AD27 /* Debug */ = {
			isa = XCBuildConfiguration;
			buildSettings = {
				DEVELOPMENT_TEAM = DHE6GUA4LT;
				INFOPLIST_FILE = WXSDownloadManagerUITests/Info.plist;
				LD_RUNPATH_SEARCH_PATHS = "$(inherited) @executable_path/Frameworks @loader_path/Frameworks";
				PRODUCT_BUNDLE_IDENTIFIER = AlanWang.WXSDownloadManagerUITests;
				PRODUCT_NAME = "$(TARGET_NAME)";
				TEST_TARGET_NAME = WXSDownloadManager;
			};
			name = Debug;
		};
		5E1190A21E5C40E60023AD27 /* Release */ = {
			isa = XCBuildConfiguration;
			buildSettings = {
				DEVELOPMENT_TEAM = DHE6GUA4LT;
				INFOPLIST_FILE = WXSDownloadManagerUITests/Info.plist;
				LD_RUNPATH_SEARCH_PATHS = "$(inherited) @executable_path/Frameworks @loader_path/Frameworks";
				PRODUCT_BUNDLE_IDENTIFIER = AlanWang.WXSDownloadManagerUITests;
				PRODUCT_NAME = "$(TARGET_NAME)";
				TEST_TARGET_NAME = WXSDownloadManager;
			};
			name = Release;
		};
/* End XCBuildConfiguration section */

/* Begin XCConfigurationList section */
		5E1190681E5C40E60023AD27 /* Build configuration list for PBXProject "WXSDownloadManager" */ = {
			isa = XCConfigurationList;
			buildConfigurations = (
				5E1190981E5C40E60023AD27 /* Debug */,
				5E1190991E5C40E60023AD27 /* Release */,
			);
			defaultConfigurationIsVisible = 0;
			defaultConfigurationName = Release;
		};
		5E11909A1E5C40E60023AD27 /* Build configuration list for PBXNativeTarget "WXSDownloadManager" */ = {
			isa = XCConfigurationList;
			buildConfigurations = (
				5E11909B1E5C40E60023AD27 /* Debug */,
				5E11909C1E5C40E60023AD27 /* Release */,
			);
			defaultConfigurationIsVisible = 0;
		};
		5E11909D1E5C40E60023AD27 /* Build configuration list for PBXNativeTarget "WXSDownloadManagerTests" */ = {
			isa = XCConfigurationList;
			buildConfigurations = (
				5E11909E1E5C40E60023AD27 /* Debug */,
				5E11909F1E5C40E60023AD27 /* Release */,
			);
			defaultConfigurationIsVisible = 0;
		};
		5E1190A01E5C40E60023AD27 /* Build configuration list for PBXNativeTarget "WXSDownloadManagerUITests" */ = {
			isa = XCConfigurationList;
			buildConfigurations = (
				5E1190A11E5C40E60023AD27 /* Debug */,
				5E1190A21E5C40E60023AD27 /* Release */,
			);
			defaultConfigurationIsVisible = 0;
		};
/* End XCConfigurationList section */
	};
	rootObject = 5E1190651E5C40E60023AD27 /* Project object */;
}
